{
    "name": "TaitraAPP",
    "version": "0.0.1",
    "lockfileVersion": 1,
    "requires": true,
    "dependencies": {
        "@types/file-saver": {
            "version": "1.3.1",
            "resolved": "https://registry.npmjs.org/@types/file-saver/-/file-saver-1.3.1.tgz",
            "integrity": "sha512-A+lNc0nnhtX3iTLEYd/DisKTZdNKTf1bN0aSfQD/fG8bQ6SfUe5u8Fm2ab8qQHaMY5GVZumAXLnYptwX+mmQgg=="
        },
        "adler-32": {
            "version": "1.2.0",
            "resolved": "https://registry.npmjs.org/adler-32/-/adler-32-1.2.0.tgz",
            "integrity": "sha512-/vUqU/UY4MVeFsg+SsK6c+/05RZXIHZMGJA+PX5JyWI0ZRcBpupnRuPLU/NXXoFwMYCPCoxIfElM2eS+DUXCqQ==",
            "requires": {
                "exit-on-epipe": "~1.0.1",
                "printj": "~1.1.0"
            }
        },
        "cfb": {
            "version": "1.0.8",
            "resolved": "https://registry.npmjs.org/cfb/-/cfb-1.0.8.tgz",
            "integrity": "sha512-oA7VomcgZRWTo8V20UYLlXu4ZOCFEAfwwrcxE8PcVzXW12WOhsi38PVnymb6Xoj8y7ghoZQOOOVRBMdLJ4jCjg==",
            "requires": {
                "commander": "^2.14.1",
                "printj": "~1.1.2"
            }
        },
        "codepage": {
            "version": "1.14.0",
            "resolved": "https://registry.npmjs.org/codepage/-/codepage-1.14.0.tgz",
            "integrity": "sha512-iz3zJLhlrg37/gYRWgEPkaFTtzmnEv1h+r7NgZum2lFElYQPi0/5bnmuDfODHxfp0INEfnRqyfyeIJDbb7ahRw==",
            "requires": {
                "commander": "~2.14.1",
                "exit-on-epipe": "~1.0.1"
            },
            "dependencies": {
                "commander": {
                    "version": "2.14.1",
                    "resolved": "https://registry.npmjs.org/commander/-/commander-2.14.1.tgz",
                    "integrity": "sha512-+YR16o3rK53SmWHU3rEM3tPAh2rwb1yPcQX5irVn7mb0gXbwuCCrnkbV5+PBfETdfg1vui07nM6PCG1zndcjQw=="
                }
            }
        },
        "commander": {
            "version": "2.15.1",
            "resolved": "https://registry.npmjs.org/commander/-/commander-2.15.1.tgz",
            "integrity": "sha512-VlfT9F3V0v+jr4yxPc5gg9s62/fIVWsd2Bk2iD435um1NlGMYdVCq+MjcXnhYq2icNOizHr1kK+5TI6H0Hy0ag=="
        },
        "crc-32": {
            "version": "1.2.2",
            "resolved": "https://registry.npmjs.org/crc-32/-/crc-32-1.2.2.tgz",
            "integrity": "sha512-ROmzCKrTnOwybPcJApAA6WBWij23HVfGVNKqqrZpuyZOHqK2CwHSvpGuyt/UNNvaIjEd8X5IFGp4Mh+Ie1IHJQ=="
        },
        "exit-on-epipe": {
            "version": "1.0.1",
            "resolved": "https://registry.npmjs.org/exit-on-epipe/-/exit-on-epipe-1.0.1.tgz",
            "integrity": "sha512-h2z5mrROTxce56S+pnvAV890uu7ls7f1kEvVGJbw1OlFH3/mlJ5bkXu0KRyW94v37zzHPiUd55iLn3DA7TjWpw=="
        },
        "file-saver": {
            "version": "1.3.8",
            "resolved": "https://registry.npmjs.org/file-saver/-/file-saver-1.3.8.tgz",
            "integrity": "sha512-spKHSBQIxxS81N/O21WmuXA2F6wppUCsutpzenOeZzOCCJ5gEfcbqJP983IrpLXzYmXnMUa6J03SubcNPdKrlg=="
        },
        "frac": {
            "version": "1.1.2",
            "resolved": "https://registry.npmjs.org/frac/-/frac-1.1.2.tgz",
            "integrity": "sha512-w/XBfkibaTl3YDqASwfDUqkna4Z2p9cFSr1aHDt0WoMTECnRfBOv2WArlZILlqgWlmdIlALXGpM2AOhEk5W3IA=="
        },
        "printj": {
            "version": "1.1.2",
            "resolved": "https://registry.npmjs.org/printj/-/printj-1.1.2.tgz",
            "integrity": "sha512-zA2SmoLaxZyArQTOPj5LXecR+RagfPSU5Kw1qP+jkWeNlrq+eJZyY2oS68SU1Z/7/myXM4lo9716laOFAVStCQ=="
        },
        "ssf": {
            "version": "0.10.3",
            "resolved": "https://registry.npmjs.org/ssf/-/ssf-0.10.3.tgz",
            "integrity": "sha512-pRuUdW0WwyB2doSqqjWyzwCD6PkfxpHAHdZp39K3dp/Hq7f+xfMwNAWIi16DyrRg4gg9c/RvLYkJTSawTPTm1w==",
            "requires": {
                "frac": "~1.1.2"
            }
        },
        "ts-xlsx-export": {
            "version": "1.0.1",
            "resolved": "https://registry.npmjs.org/ts-xlsx-export/-/ts-xlsx-export-1.0.1.tgz",
            "integrity": "sha512-9LPuXS690YYnSiOCsUmrvJ7iJ74nuX8xiQEuiL6rL7dq/gwZM8m98bpSnG15flu4is5vnKgiQDC4QPJGXd+dCg==",
            "requires": {
                "@types/file-saver": "^1.3.0",
                "file-saver": "^1.3.8",
                "xlsx": "^0.13.3"
            }
        },
        "xlsx": {
            "version": "0.13.5",
            "resolved": "https://registry.npmjs.org/xlsx/-/xlsx-0.13.5.tgz",
            "integrity": "sha512-AQo8Anyuv8ZxegAH2EUJ9ZauLf3lIDPfmV7OpJi79LNW6jO4gsviJyQCjNCJY7Deu1SLCrr7LY6rM9N91ixaDQ==",
            "requires": {
                "adler-32": "~1.2.0",
                "cfb": "~1.0.8",
                "codepage": "~1.14.0",
                "commander": "~2.15.1",
                "crc-32": "~1.2.0",
                "exit-on-epipe": "~1.0.1",
                "ssf": "~0.10.2"
            }
        }
    }
}
